
Microsoft Visual Studio Solution File, Format Version 12.00
# Visual Studio Version 17
VisualStudioVersion = 17.10.35122.118
MinimumVisualStudioVersion = 10.0.40219.1
Project("{FAE04EC0-301F-11D3-BF4B-00C04F79EFBC}") = "Org.Legal", "Org.Legal\Org.Legal.csproj", "{B7360C47-B9C3-477C-9233-731C7140BC3C}"
EndProject
Project("{FAE04EC0-301F-11D3-BF4B-00C04F79EFBC}") = "Org.LegalTests", "Org.LegalTests\Org.LegalTests.csproj", "{377182D4-3284-4DFB-AAE0-30BA7CE371AE}"
EndProject
Global
	GlobalSection(SolutionConfigurationPlatforms) = preSolution
		Debug|Any CPU = Debug|Any CPU
		Release|Any CPU = Release|Any CPU
	EndGlobalSection
	GlobalSection(ProjectConfigurationPlatforms) = postSolution
		{B7360C47-B9C3-477C-9233-731C7140BC3C}.Debug|Any CPU.ActiveCfg = Debug|Any CPU
		{B7360C47-B9C3-477C-9233-731C7140BC3C}.Debug|Any CPU.Build.0 = Debug|Any CPU
		{B7360C47-B9C3-477C-9233-731C7140BC3C}.Release|Any CPU.ActiveCfg = Release|Any CPU
		{B7360C47-B9C3-477C-9233-731C7140BC3C}.Release|Any CPU.Build.0 = Release|Any CPU
		{377182D4-3284-4DFB-AAE0-30BA7CE371AE}.Debug|Any CPU.ActiveCfg = Debug|Any CPU
		{377182D4-3284-4DFB-AAE0-30BA7CE371AE}.Debug|Any CPU.Build.0 = Debug|Any CPU
		{377182D4-3284-4DFB-AAE0-30BA7CE371AE}.Release|Any CPU.ActiveCfg = Release|Any CPU
		{377182D4-3284-4DFB-AAE0-30BA7CE371AE}.Release|Any CPU.Build.0 = Release|Any CPU
	EndGlobalSection
	GlobalSection(SolutionProperties) = preSolution
		HideSolutionNode = FALSE
	EndGlobalSection
	GlobalSection(ExtensibilityGlobals) = postSolution
		SolutionGuid = {EE24B140-AB78-4306-A318-9FBEEA954FA1}
	EndGlobalSection
EndGlobal
